
Microsoft Visual Studio Solution File, Format Version 12.00
# Visual Studio Version 17
VisualStudioVersion = 17.1.32228.430
MinimumVisualStudioVersion = 10.0.40219.1
Project("{FAE04EC0-301F-11D3-BF4B-00C04F79EFBC}") = "tasknum4", "tasknum4\tasknum4.csproj", "{646DB7CB-537E-4C67-ACB3-C6F6C0119C21}"
EndProject
Global
	GlobalSection(SolutionConfigurationPlatforms) = preSolution
		Debug|Any CPU = Debug|Any CPU
		Release|Any CPU = Release|Any CPU
	EndGlobalSection
	GlobalSection(ProjectConfigurationPlatforms) = postSolution
		{646DB7CB-537E-4C67-ACB3-C6F6C0119C21}.Debug|Any CPU.ActiveCfg = Debug|Any CPU
		{646DB7CB-537E-4C67-ACB3-C6F6C0119C21}.Debug|Any CPU.Build.0 = Debug|Any CPU
		{646DB7CB-537E-4C67-ACB3-C6F6C0119C21}.Release|Any CPU.ActiveCfg = Release|Any CPU
		{646DB7CB-537E-4C67-ACB3-C6F6C0119C21}.Release|Any CPU.Build.0 = Release|Any CPU
	EndGlobalSection
	GlobalSection(SolutionProperties) = preSolution
		HideSolutionNode = FALSE
	EndGlobalSection
	GlobalSection(ExtensibilityGlobals) = postSolution
		SolutionGuid = {78FB3BE9-608E-4951-BC97-458BD4BD18F5}
	EndGlobalSection
EndGlobal
